
Microsoft Visual Studio Solution File, Format Version 12.00
# Visual Studio Version 17
VisualStudioVersion = 17.0.31903.59
MinimumVisualStudioVersion = 10.0.40219.1
Project("{FAE04EC0-301F-11D3-BF4B-00C04F79EFBC}") = "Groups", "Groups\Groups.csproj", "{F666B00C-446E-4AC6-A86A-960E2CE55AB3}"
EndProject
Project("{FAE04EC0-301F-11D3-BF4B-00C04F79EFBC}") = "Talk", "Talk\Talk.csproj", "{93A775EC-A7E4-4E19-9E42-7FB325FA17A7}"
EndProject
Project("{FAE04EC0-301F-11D3-BF4B-00C04F79EFBC}") = "TileProtect", "TileProtect\TileProtect.csproj", "{43D1D12F-5A86-4EDB-8801-4CB39A30203D}"
EndProject
Global
	GlobalSection(SolutionConfigurationPlatforms) = preSolution
		Debug|Any CPU = Debug|Any CPU
		Release|Any CPU = Release|Any CPU
	EndGlobalSection
	GlobalSection(SolutionProperties) = preSolution
		HideSolutionNode = FALSE
	EndGlobalSection
	GlobalSection(ProjectConfigurationPlatforms) = postSolution
		{F666B00C-446E-4AC6-A86A-960E2CE55AB3}.Debug|Any CPU.ActiveCfg = Debug|Any CPU
		{F666B00C-446E-4AC6-A86A-960E2CE55AB3}.Debug|Any CPU.Build.0 = Debug|Any CPU
		{F666B00C-446E-4AC6-A86A-960E2CE55AB3}.Release|Any CPU.ActiveCfg = Release|Any CPU
		{F666B00C-446E-4AC6-A86A-960E2CE55AB3}.Release|Any CPU.Build.0 = Release|Any CPU
		{93A775EC-A7E4-4E19-9E42-7FB325FA17A7}.Debug|Any CPU.ActiveCfg = Debug|Any CPU
		{93A775EC-A7E4-4E19-9E42-7FB325FA17A7}.Debug|Any CPU.Build.0 = Debug|Any CPU
		{93A775EC-A7E4-4E19-9E42-7FB325FA17A7}.Release|Any CPU.ActiveCfg = Release|Any CPU
		{93A775EC-A7E4-4E19-9E42-7FB325FA17A7}.Release|Any CPU.Build.0 = Release|Any CPU
		{43D1D12F-5A86-4EDB-8801-4CB39A30203D}.Debug|Any CPU.ActiveCfg = Debug|Any CPU
		{43D1D12F-5A86-4EDB-8801-4CB39A30203D}.Debug|Any CPU.Build.0 = Debug|Any CPU
		{43D1D12F-5A86-4EDB-8801-4CB39A30203D}.Release|Any CPU.ActiveCfg = Release|Any CPU
		{43D1D12F-5A86-4EDB-8801-4CB39A30203D}.Release|Any CPU.Build.0 = Release|Any CPU
	EndGlobalSection
EndGlobal
