Microsoft Visual Studio Solution File, Format Version 12.00
# Visual Studio Version 17
VisualStudioVersion = 17.5.2.0
MinimumVisualStudioVersion = 10.0.40219.1
Project("{FAE04EC0-301F-11D3-BF4B-00C04F79EFBC}") = "Dimensions", "Dimensions.csproj", "{BAB79063-0746-B718-6F47-9403AF2648C7}"
EndProject
Global
	GlobalSection(SolutionConfigurationPlatforms) = preSolution
		Debug|Any CPU = Debug|Any CPU
		Release|Any CPU = Release|Any CPU
	EndGlobalSection
	GlobalSection(ProjectConfigurationPlatforms) = postSolution
		{BAB79063-0746-B718-6F47-9403AF2648C7}.Debug|Any CPU.ActiveCfg = Debug|Any CPU
		{BAB79063-0746-B718-6F47-9403AF2648C7}.Debug|Any CPU.Build.0 = Debug|Any CPU
		{BAB79063-0746-B718-6F47-9403AF2648C7}.Release|Any CPU.ActiveCfg = Release|Any CPU
		{BAB79063-0746-B718-6F47-9403AF2648C7}.Release|Any CPU.Build.0 = Release|Any CPU
	EndGlobalSection
	GlobalSection(SolutionProperties) = preSolution
		HideSolutionNode = FALSE
	EndGlobalSection
	GlobalSection(ExtensibilityGlobals) = postSolution
		SolutionGuid = {B64724ED-5D30-4498-B66A-312E826D138D}
	EndGlobalSection
EndGlobal
